
Microsoft Visual Studio Solution File, Format Version 12.00
# Visual Studio Version 16
VisualStudioVersion = 16.0.31911.196
MinimumVisualStudioVersion = 10.0.40219.1
Project("{FAE04EC0-301F-11D3-BF4B-00C04F79EFBC}") = "MVVMDemo", "MVVMDemo\MVVMDemo.csproj", "{B268F202-2C8F-4F7F-A0C8-04E244CF73E7}"
EndProject
Global
	GlobalSection(SolutionConfigurationPlatforms) = preSolution
		Debug|Any CPU = Debug|Any CPU
		Release|Any CPU = Release|Any CPU
	EndGlobalSection
	GlobalSection(ProjectConfigurationPlatforms) = postSolution
		{B268F202-2C8F-4F7F-A0C8-04E244CF73E7}.Debug|Any CPU.ActiveCfg = Debug|Any CPU
		{B268F202-2C8F-4F7F-A0C8-04E244CF73E7}.Debug|Any CPU.Build.0 = Debug|Any CPU
		{B268F202-2C8F-4F7F-A0C8-04E244CF73E7}.Release|Any CPU.ActiveCfg = Release|Any CPU
		{B268F202-2C8F-4F7F-A0C8-04E244CF73E7}.Release|Any CPU.Build.0 = Release|Any CPU
	EndGlobalSection
	GlobalSection(SolutionProperties) = preSolution
		HideSolutionNode = FALSE
	EndGlobalSection
	GlobalSection(ExtensibilityGlobals) = postSolution
		SolutionGuid = {B5C0A680-81FB-488F-9FE4-783BB67EF52F}
	EndGlobalSection
EndGlobal
